
Microsoft Visual Studio Solution File, Format Version 12.00
# Visual Studio Version 16
VisualStudioVersion = 16.0.29519.181
MinimumVisualStudioVersion = 10.0.40219.1
Project("{FAE04EC0-301F-11D3-BF4B-00C04F79EFBC}") = "Circumference", "Circumference.csproj", "{0117BC01-9F07-452E-A201-3983FA989E72}"
EndProject
Global
	GlobalSection(SolutionConfigurationPlatforms) = preSolution
		Debug|Any CPU = Debug|Any CPU
		Release|Any CPU = Release|Any CPU
	EndGlobalSection
	GlobalSection(ProjectConfigurationPlatforms) = postSolution
		{0117BC01-9F07-452E-A201-3983FA989E72}.Debug|Any CPU.ActiveCfg = Debug|Any CPU
		{0117BC01-9F07-452E-A201-3983FA989E72}.Debug|Any CPU.Build.0 = Debug|Any CPU
		{0117BC01-9F07-452E-A201-3983FA989E72}.Release|Any CPU.ActiveCfg = Release|Any CPU
		{0117BC01-9F07-452E-A201-3983FA989E72}.Release|Any CPU.Build.0 = Release|Any CPU
	EndGlobalSection
	GlobalSection(SolutionProperties) = preSolution
		HideSolutionNode = FALSE
	EndGlobalSection
	GlobalSection(ExtensibilityGlobals) = postSolution
		SolutionGuid = {0A5A811E-FFEA-4013-83AC-B01360502D8F}
	EndGlobalSection
EndGlobal
